
Microsoft Visual Studio Solution File, Format Version 12.00
# Visual Studio Version 17
VisualStudioVersion = 17.4.33213.308
MinimumVisualStudioVersion = 10.0.40219.1
Project("{9A19103F-16F7-4668-BE54-9A1E7A4F7556}") = "Appointments", "Appointments\Appointments.csproj", "{3B37332B-02F5-41AE-BBC9-EC76CCCBE797}"
EndProject
Project("{9A19103F-16F7-4668-BE54-9A1E7A4F7556}") = "Tasks", "Tasks\Tasks.csproj", "{86467E19-1AA6-4DE0-961F-B26F5270B74D}"
EndProject
Project("{2150E333-8FDC-42A3-9474-1A3956D46DE8}") = "Solution Items", "Solution Items", "{DFF5FA6B-9EBB-48F8-AB49-6A0632CDA7D0}"
	ProjectSection(SolutionItems) = preProject
		.gitignore = .gitignore
	EndProjectSection
EndProject
Global
	GlobalSection(SolutionConfigurationPlatforms) = preSolution
		Debug|Any CPU = Debug|Any CPU
		Release|Any CPU = Release|Any CPU
	EndGlobalSection
	GlobalSection(ProjectConfigurationPlatforms) = postSolution
		{3B37332B-02F5-41AE-BBC9-EC76CCCBE797}.Debug|Any CPU.ActiveCfg = Debug|Any CPU
		{3B37332B-02F5-41AE-BBC9-EC76CCCBE797}.Debug|Any CPU.Build.0 = Debug|Any CPU
		{3B37332B-02F5-41AE-BBC9-EC76CCCBE797}.Release|Any CPU.ActiveCfg = Release|Any CPU
		{3B37332B-02F5-41AE-BBC9-EC76CCCBE797}.Release|Any CPU.Build.0 = Release|Any CPU
		{86467E19-1AA6-4DE0-961F-B26F5270B74D}.Debug|Any CPU.ActiveCfg = Debug|Any CPU
		{86467E19-1AA6-4DE0-961F-B26F5270B74D}.Debug|Any CPU.Build.0 = Debug|Any CPU
		{86467E19-1AA6-4DE0-961F-B26F5270B74D}.Release|Any CPU.ActiveCfg = Release|Any CPU
		{86467E19-1AA6-4DE0-961F-B26F5270B74D}.Release|Any CPU.Build.0 = Release|Any CPU
	EndGlobalSection
	GlobalSection(SolutionProperties) = preSolution
		HideSolutionNode = FALSE
	EndGlobalSection
	GlobalSection(ExtensibilityGlobals) = postSolution
		SolutionGuid = {C50111EB-0816-46A7-8CC8-F0AB51C99821}
	EndGlobalSection
EndGlobal
